Microsoft Visual Studio Solution File, Format Version 12.00
# Visual Studio 15
VisualStudioVersion = 15.0.26430.6
MinimumVisualStudioVersion = 15.0.26124.0
Project("{9A19103F-16F7-4668-BE54-9A1E7A4F7556}") = "Falcon", "src\Falcon\Falcon.csproj", "{398CB091-CD0A-4CC0-9115-096106203ED2}"
EndProject
Project("{9A19103F-16F7-4668-BE54-9A1E7A4F7556}") = "Falcon.Tests", "test\Falcon.Tests\Falcon.Tests.csproj", "{DDD36636-B353-4D48-86FF-00006B560F03}"
EndProject
Project("{FAE04EC0-301F-11D3-BF4B-00C04F79EFBC}") = "Falcon.Examples.SayHello", "examples\SayHello\Falcon.Examples.SayHello.csproj", "{6C250198-6C5A-4020-9B16-4BD212C69768}"
EndProject
Project("{2150E333-8FDC-42A3-9474-1A3956D46DE8}") = "examples", "examples", "{9157B615-CCD4-473C-9631-749025B7E522}"
EndProject
Global
	GlobalSection(SolutionConfigurationPlatforms) = preSolution
		Debug|Any CPU = Debug|Any CPU
		Debug|x64 = Debug|x64
		Debug|x86 = Debug|x86
		Release|Any CPU = Release|Any CPU
		Release|x64 = Release|x64
		Release|x86 = Release|x86
	EndGlobalSection
	GlobalSection(ProjectConfigurationPlatforms) = postSolution
		{398CB091-CD0A-4CC0-9115-096106203ED2}.Debug|Any CPU.ActiveCfg = Debug|Any CPU
		{398CB091-CD0A-4CC0-9115-096106203ED2}.Debug|Any CPU.Build.0 = Debug|Any CPU
		{398CB091-CD0A-4CC0-9115-096106203ED2}.Debug|x64.ActiveCfg = Debug|Any CPU
		{398CB091-CD0A-4CC0-9115-096106203ED2}.Debug|x64.Build.0 = Debug|Any CPU
		{398CB091-CD0A-4CC0-9115-096106203ED2}.Debug|x86.ActiveCfg = Debug|Any CPU
		{398CB091-CD0A-4CC0-9115-096106203ED2}.Debug|x86.Build.0 = Debug|Any CPU
		{398CB091-CD0A-4CC0-9115-096106203ED2}.Release|Any CPU.ActiveCfg = Release|Any CPU
		{398CB091-CD0A-4CC0-9115-096106203ED2}.Release|Any CPU.Build.0 = Release|Any CPU
		{398CB091-CD0A-4CC0-9115-096106203ED2}.Release|x64.ActiveCfg = Release|Any CPU
		{398CB091-CD0A-4CC0-9115-096106203ED2}.Release|x64.Build.0 = Release|Any CPU
		{398CB091-CD0A-4CC0-9115-096106203ED2}.Release|x86.ActiveCfg = Release|Any CPU
		{398CB091-CD0A-4CC0-9115-096106203ED2}.Release|x86.Build.0 = Release|Any CPU
		{DDD36636-B353-4D48-86FF-00006B560F03}.Debug|Any CPU.ActiveCfg = Debug|Any CPU
		{DDD36636-B353-4D48-86FF-00006B560F03}.Debug|Any CPU.Build.0 = Debug|Any CPU
		{DDD36636-B353-4D48-86FF-00006B560F03}.Debug|x64.ActiveCfg = Debug|Any CPU
		{DDD36636-B353-4D48-86FF-00006B560F03}.Debug|x64.Build.0 = Debug|Any CPU
		{DDD36636-B353-4D48-86FF-00006B560F03}.Debug|x86.ActiveCfg = Debug|Any CPU
		{DDD36636-B353-4D48-86FF-00006B560F03}.Debug|x86.Build.0 = Debug|Any CPU
		{DDD36636-B353-4D48-86FF-00006B560F03}.Release|Any CPU.ActiveCfg = Release|Any CPU
		{DDD36636-B353-4D48-86FF-00006B560F03}.Release|Any CPU.Build.0 = Release|Any CPU
		{DDD36636-B353-4D48-86FF-00006B560F03}.Release|x64.ActiveCfg = Release|Any CPU
		{DDD36636-B353-4D48-86FF-00006B560F03}.Release|x64.Build.0 = Release|Any CPU
		{DDD36636-B353-4D48-86FF-00006B560F03}.Release|x86.ActiveCfg = Release|Any CPU
		{DDD36636-B353-4D48-86FF-00006B560F03}.Release|x86.Build.0 = Release|Any CPU
		{6C250198-6C5A-4020-9B16-4BD212C69768}.Debug|Any CPU.ActiveCfg = Debug|Any CPU
		{6C250198-6C5A-4020-9B16-4BD212C69768}.Debug|Any CPU.Build.0 = Debug|Any CPU
		{6C250198-6C5A-4020-9B16-4BD212C69768}.Debug|x64.ActiveCfg = Debug|Any CPU
		{6C250198-6C5A-4020-9B16-4BD212C69768}.Debug|x64.Build.0 = Debug|Any CPU
		{6C250198-6C5A-4020-9B16-4BD212C69768}.Debug|x86.ActiveCfg = Debug|Any CPU
		{6C250198-6C5A-4020-9B16-4BD212C69768}.Debug|x86.Build.0 = Debug|Any CPU
		{6C250198-6C5A-4020-9B16-4BD212C69768}.Release|Any CPU.ActiveCfg = Release|Any CPU
		{6C250198-6C5A-4020-9B16-4BD212C69768}.Release|Any CPU.Build.0 = Release|Any CPU
		{6C250198-6C5A-4020-9B16-4BD212C69768}.Release|x64.ActiveCfg = Release|Any CPU
		{6C250198-6C5A-4020-9B16-4BD212C69768}.Release|x64.Build.0 = Release|Any CPU
		{6C250198-6C5A-4020-9B16-4BD212C69768}.Release|x86.ActiveCfg = Release|Any CPU
		{6C250198-6C5A-4020-9B16-4BD212C69768}.Release|x86.Build.0 = Release|Any CPU
	EndGlobalSection
	GlobalSection(SolutionProperties) = preSolution
		HideSolutionNode = FALSE
	EndGlobalSection
	GlobalSection(NestedProjects) = preSolution
		{6C250198-6C5A-4020-9B16-4BD212C69768} = {9157B615-CCD4-473C-9631-749025B7E522}
	EndGlobalSection
EndGlobal
